// !$*UTF8*$!
{
	archiveVersion = 1;
	classes = {
	};
	objectVersion = 55;
	objects = {

/* Begin PBXBuildFile section */
		B5370ED528C8D0E7001566FF /* ZBook-Info.plist in Resources */ = {isa = PBXBuildFile; fileRef = B5370ED428C8D0E7001566FF /* ZBook-Info.plist */; };
		B5ADD65B28C660B6002D6429 /* Book_NookApp.swift in Sources */ = {isa = PBXBuildFile; fileRef = B5ADD65A28C660B6002D6429 /* Book_NookApp.swift */; };
		B5ADD65D28C660B6002D6429 /* ContentView.swift in Sources */ = {isa = PBXBuildFile; fileRef = B5ADD65C28C660B6002D6429 /* ContentView.swift */; };
		B5ADD65F28C660B8002D6429 /* Assets.xcassets in Resources */ = {isa = PBXBuildFile; fileRef = B5ADD65E28C660B8002D6429 /* Assets.xcassets */; };
		B5ADD66228C660B8002D6429 /* Preview Assets.xcassets in Resources */ = {isa = PBXBuildFile; fileRef = B5ADD66128C660B8002D6429 /* Preview Assets.xcassets */; };
		B5ADD66428C660B8002D6429 /* Persistence.swift in Sources */ = {isa = PBXBuildFile; fileRef = B5ADD66328C660B8002D6429 /* Persistence.swift */; };
		B5ADD66F28C665E0002D6429 /* Book_Model.xcdatamodeld in Sources */ = {isa = PBXBuildFile; fileRef = B5ADD66D28C665E0002D6429 /* Book_Model.xcdatamodeld */; };
		B5ADD69228C6BD14002D6429 /* AddBookView.swift in Sources */ = {isa = PBXBuildFile; fileRef = B5ADD69128C6BD14002D6429 /* AddBookView.swift */; };
/* End PBXBuildFile section */

/* Begin PBXFileReference section */
		B5370ED428C8D0E7001566FF /* ZBook-Info.plist */ = {isa = PBXFileReference; fileEncoding = 4; lastKnownFileType = text.plist.xml; path = "ZBook-Info.plist"; sourceTree = "<group>"; };
		B5ADD65728C660B6002D6429 /* ZBook.app */ = {isa = PBXFileReference; explicitFileType = wrapper.application; includeInIndex = 0; path = ZBook.app; sourceTree = BUILT_PRODUCTS_DIR; };
		B5ADD65A28C660B6002D6429 /* Book_NookApp.swift */ = {isa = PBXFileReference; lastKnownFileType = sourcecode.swift; path = Book_NookApp.swift; sourceTree = "<group>"; };
		B5ADD65C28C660B6002D6429 /* ContentView.swift */ = {isa = PBXFileReference; lastKnownFileType = sourcecode.swift; path = ContentView.swift; sourceTree = "<group>"; };
		B5ADD65E28C660B8002D6429 /* Assets.xcassets */ = {isa = PBXFileReference; lastKnownFileType = folder.assetcatalog; path = Assets.xcassets; sourceTree = "<group>"; };
		B5ADD66128C660B8002D6429 /* Preview Assets.xcassets */ = {isa = PBXFileReference; lastKnownFileType = folder.assetcatalog; path = "Preview Assets.xcassets"; sourceTree = "<group>"; };
		B5ADD66328C660B8002D6429 /* Persistence.swift */ = {isa = PBXFileReference; lastKnownFileType = sourcecode.swift; path = Persistence.swift; sourceTree = "<group>"; };
		B5ADD66E28C665E0002D6429 /* Book_Model.xcdatamodel */ = {isa = PBXFileReference; lastKnownFileType = wrapper.xcdatamodel; path = Book_Model.xcdatamodel; sourceTree = "<group>"; };
		B5ADD69128C6BD14002D6429 /* AddBookView.swift */ = {isa = PBXFileReference; lastKnownFileType = sourcecode.swift; path = AddBookView.swift; sourceTree = "<group>"; };
/* End PBXFileReference section */

/* Begin PBXFrameworksBuildPhase section */
		B5ADD65428C660B6002D6429 /* Frameworks */ = {
			isa = PBXFrameworksBuildPhase;
			buildActionMask = 2147483647;
			files = (
			);
			runOnlyForDeploymentPostprocessing = 0;
		};
/* End PBXFrameworksBuildPhase section */

/* Begin PBXGroup section */
		B5ADD64E28C660B6002D6429 = {
			isa = PBXGroup;
			children = (
				B5370ED428C8D0E7001566FF /* ZBook-Info.plist */,
				B5ADD65928C660B6002D6429 /* Book Nook */,
				B5ADD65828C660B6002D6429 /* Products */,
			);
			sourceTree = "<group>";
		};
		B5ADD65828C660B6002D6429 /* Products */ = {
			isa = PBXGroup;
			children = (
				B5ADD65728C660B6002D6429 /* ZBook.app */,
			);
			name = Products;
			sourceTree = "<group>";
		};
		B5ADD65928C660B6002D6429 /* Book Nook */ = {
			isa = PBXGroup;
			children = (
				B5ADD65A28C660B6002D6429 /* Book_NookApp.swift */,
				B5ADD65C28C660B6002D6429 /* ContentView.swift */,
				B5ADD66328C660B8002D6429 /* Persistence.swift */,
				B5ADD69128C6BD14002D6429 /* AddBookView.swift */,
				B5ADD66D28C665E0002D6429 /* Book_Model.xcdatamodeld */,
				B5ADD65E28C660B8002D6429 /* Assets.xcassets */,
				B5ADD66028C660B8002D6429 /* Preview Content */,
			);
			path = "Book Nook";
			sourceTree = "<group>";
		};
		B5ADD66028C660B8002D6429 /* Preview Content */ = {
			isa = PBXGroup;
			children = (
				B5ADD66128C660B8002D6429 /* Preview Assets.xcassets */,
			);
			path = "Preview Content";
			sourceTree = "<group>";
		};
/* End PBXGroup section */

/* Begin PBXNativeTarget section */
		B5ADD65628C660B6002D6429 /* ZBook */ = {
			isa = PBXNativeTarget;
			buildConfigurationList = B5ADD66A28C660B8002D6429 /* Build configuration list for PBXNativeTarget "ZBook" */;
			buildPhases = (
				B5ADD65328C660B6002D6429 /* Sources */,
				B5ADD65428C660B6002D6429 /* Frameworks */,
				B5ADD65528C660B6002D6429 /* Resources */,
			);
			buildRules = (
			);
			dependencies = (
			);
			name = ZBook;
			productName = "Book Nook";
			productReference = B5ADD65728C660B6002D6429 /* ZBook.app */;
			productType = "com.apple.product-type.application";
		};
/* End PBXNativeTarget section */

/* Begin PBXProject section */
		B5ADD64F28C660B6002D6429 /* Project object */ = {
			isa = PBXProject;
			attributes = {
				BuildIndependentTargetsInParallel = 1;
				LastSwiftUpdateCheck = 1340;
				LastUpgradeCheck = 1340;
				TargetAttributes = {
					B5ADD65628C660B6002D6429 = {
						CreatedOnToolsVersion = 13.4.1;
					};
				};
			};
			buildConfigurationList = B5ADD65228C660B6002D6429 /* Build configuration list for PBXProject "ZBook" */;
			compatibilityVersion = "Xcode 13.0";
			developmentRegion = en;
			hasScannedForEncodings = 0;
			knownRegions = (
				en,
				Base,
			);
			mainGroup = B5ADD64E28C660B6002D6429;
			productRefGroup = B5ADD65828C660B6002D6429 /* Products */;
			projectDirPath = "";
			projectRoot = "";
			targets = (
				B5ADD65628C660B6002D6429 /* ZBook */,
			);
		};
/* End PBXProject section */

/* Begin PBXResourcesBuildPhase section */
		B5ADD65528C660B6002D6429 /* Resources */ = {
			isa = PBXResourcesBuildPhase;
			buildActionMask = 2147483647;
			files = (
				B5ADD66228C660B8002D6429 /* Preview Assets.xcassets in Resources */,
				B5ADD65F28C660B8002D6429 /* Assets.xcassets in Resources */,
				B5370ED528C8D0E7001566FF /* ZBook-Info.plist in Resources */,
			);
			runOnlyForDeploymentPostprocessing = 0;
		};
/* End PBXResourcesBuildPhase section */

/* Begin PBXSourcesBuildPhase section */
		B5ADD65328C660B6002D6429 /* Sources */ = {
			isa = PBXSourcesBuildPhase;
			buildActionMask = 2147483647;
			files = (
				B5ADD66428C660B8002D6429 /* Persistence.swift in Sources */,
				B5ADD65D28C660B6002D6429 /* ContentView.swift in Sources */,
				B5ADD66F28C665E0002D6429 /* Book_Model.xcdatamodeld in Sources */,
				B5ADD65B28C660B6002D6429 /* Book_NookApp.swift in Sources */,
				B5ADD69228C6BD14002D6429 /* AddBookView.swift in Sources */,
			);
			runOnlyForDeploymentPostprocessing = 0;
		};
/* End PBXSourcesBuildPhase section */

/* Begin XCBuildConfiguration section */
		B5ADD66828C660B8002D6429 /* Debug */ = {
			isa = XCBuildConfiguration;
			buildSettings = {
				ALWAYS_SEARCH_USER_PATHS = NO;
				CLANG_ANALYZER_NONNULL = YES;
				CLANG_ANALYZER_NUMBER_OBJECT_CONVERSION = YES_AGGRESSIVE;
				CLANG_CXX_LANGUAGE_STANDARD = "gnu++17";
				CLANG_ENABLE_MODULES = YES;
				CLANG_ENABLE_OBJC_ARC = YES;
				CLANG_ENABLE_OBJC_WEAK = YES;
				CLANG_WARN_BLOCK_CAPTURE_AUTORELEASING = YES;
				CLANG_WARN_BOOL_CONVERSION = YES;
				CLANG_WARN_COMMA = YES;
				CLANG_WARN_CONSTANT_CONVERSION = YES;
				CLANG_WARN_DEPRECATED_OBJC_IMPLEMENTATIONS = YES;
				CLANG_WARN_DIRECT_OBJC_ISA_USAGE = YES_ERROR;
				CLANG_WARN_DOCUMENTATION_COMMENTS = YES;
				CLANG_WARN_EMPTY_BODY = YES;
				CLANG_WARN_ENUM_CONVERSION = YES;
				CLANG_WARN_INFINITE_RECURSION = YES;
				CLANG_WARN_INT_CONVERSION = YES;
				CLANG_WARN_NON_LITERAL_NULL_CONVERSION = YES;
				CLANG_WARN_OBJC_IMPLICIT_RETAIN_SELF = YES;
				CLANG_WARN_OBJC_LITERAL_CONVERSION = YES;
				CLANG_WARN_OBJC_ROOT_CLASS = YES_ERROR;
				CLANG_WARN_QUOTED_INCLUDE_IN_FRAMEWORK_HEADER = YES;
				CLANG_WARN_RANGE_LOOP_ANALYSIS = YES;
				CLANG_WARN_STRICT_PROTOTYPES = YES;
				CLANG_WARN_SUSPICIOUS_MOVE = YES;
				CLANG_WARN_UNGUARDED_AVAILABILITY = YES_AGGRESSIVE;
				CLANG_WARN_UNREACHABLE_CODE = YES;
				CLANG_WARN__DUPLICATE_METHOD_MATCH = YES;
				COPY_PHASE_STRIP = NO;
				DEBUG_INFORMATION_FORMAT = dwarf;
				ENABLE_STRICT_OBJC_MSGSEND = YES;
				ENABLE_TESTABILITY = YES;
				GCC_C_LANGUAGE_STANDARD = gnu11;
				GCC_DYNAMIC_NO_PIC = NO;
				GCC_NO_COMMON_BLOCKS = YES;
				GCC_OPTIMIZATION_LEVEL = 0;
				GCC_PREPROCESSOR_DEFINITIONS = (
					"DEBUG=1",
					"$(inherited)",
				);
				GCC_WARN_64_TO_32_BIT_CONVERSION = YES;
				GCC_WARN_ABOUT_RETURN_TYPE = YES_ERROR;
				GCC_WARN_UNDECLARED_SELECTOR = YES;
				GCC_WARN_UNINITIALIZED_AUTOS = YES_AGGRESSIVE;
				GCC_WARN_UNUSED_FUNCTION = YES;
				GCC_WARN_UNUSED_VARIABLE = YES;
				IPHONEOS_DEPLOYMENT_TARGET = 15.5;
				MTL_ENABLE_DEBUG_INFO = INCLUDE_SOURCE;
				MTL_FAST_MATH = YES;
				ONLY_ACTIVE_ARCH = YES;
				SDKROOT = iphoneos;
				SWIFT_ACTIVE_COMPILATION_CONDITIONS = DEBUG;
				SWIFT_OPTIMIZATION_LEVEL = "-Onone";
			};
			name = Debug;
		};
		B5ADD66928C660B8002D6429 /* Release */ = {
			isa = XCBuildConfiguration;
			buildSettings = {
				ALWAYS_SEARCH_USER_PATHS = NO;
				CLANG_ANALYZER_NONNULL = YES;
				CLANG_ANALYZER_NUMBER_OBJECT_CONVERSION = YES_AGGRESSIVE;
				CLANG_CXX_LANGUAGE_STANDARD = "gnu++17";
				CLANG_ENABLE_MODULES = YES;
				CLANG_ENABLE_OBJC_ARC = YES;
				CLANG_ENABLE_OBJC_WEAK = YES;
				CLANG_WARN_BLOCK_CAPTURE_AUTORELEASING = YES;
				CLANG_WARN_BOOL_CONVERSION = YES;
				CLANG_WARN_COMMA = YES;
				CLANG_WARN_CONSTANT_CONVERSION = YES;
				CLANG_WARN_DEPRECATED_OBJC_IMPLEMENTATIONS = YES;
				CLANG_WARN_DIRECT_OBJC_ISA_USAGE = YES_ERROR;
				CLANG_WARN_DOCUMENTATION_COMMENTS = YES;
				CLANG_WARN_EMPTY_BODY = YES;
				CLANG_WARN_ENUM_CONVERSION = YES;
				CLANG_WARN_INFINITE_RECURSION = YES;
				CLANG_WARN_INT_CONVERSION = YES;
				CLANG_WARN_NON_LITERAL_NULL_CONVERSION = YES;
				CLANG_WARN_OBJC_IMPLICIT_RETAIN_SELF = YES;
				CLANG_WARN_OBJC_LITERAL_CONVERSION = YES;
				CLANG_WARN_OBJC_ROOT_CLASS = YES_ERROR;
				CLANG_WARN_QUOTED_INCLUDE_IN_FRAMEWORK_HEADER = YES;
				CLANG_WARN_RANGE_LOOP_ANALYSIS = YES;
				CLANG_WARN_STRICT_PROTOTYPES = YES;
				CLANG_WARN_SUSPICIOUS_MOVE = YES;
				CLANG_WARN_UNGUARDED_AVAILABILITY = YES_AGGRESSIVE;
				CLANG_WARN_UNREACHABLE_CODE = YES;
				CLANG_WARN__DUPLICATE_METHOD_MATCH = YES;
				COPY_PHASE_STRIP = NO;
				DEBUG_INFORMATION_FORMAT = "dwarf-with-dsym";
				ENABLE_NS_ASSERTIONS = NO;
				ENABLE_STRICT_OBJC_MSGSEND = YES;
				GCC_C_LANGUAGE_STANDARD = gnu11;
				GCC_NO_COMMON_BLOCKS = YES;
				GCC_WARN_64_TO_32_BIT_CONVERSION = YES;
				GCC_WARN_ABOUT_RETURN_TYPE = YES_ERROR;
				GCC_WARN_UNDECLARED_SELECTOR = YES;
				GCC_WARN_UNINITIALIZED_AUTOS = YES_AGGRESSIVE;
				GCC_WARN_UNUSED_FUNCTION = YES;
				GCC_WARN_UNUSED_VARIABLE = YES;
				IPHONEOS_DEPLOYMENT_TARGET = 15.5;
				MTL_ENABLE_DEBUG_INFO = NO;
				MTL_FAST_MATH = YES;
				SDKROOT = iphoneos;
				SWIFT_COMPILATION_MODE = wholemodule;
				SWIFT_OPTIMIZATION_LEVEL = "-O";
				VALIDATE_PRODUCT = YES;
			};
			name = Release;
		};
		B5ADD66B28C660B8002D6429 /* Debug */ = {
			isa = XCBuildConfiguration;
			buildSettings = {
				ASSETCATALOG_COMPILER_APPICON_NAME = AppIcon;
				ASSETCATALOG_COMPILER_GLOBAL_ACCENT_COLOR_NAME = AccentColor;
				CODE_SIGN_STYLE = Automatic;
				CURRENT_PROJECT_VERSION = 1;
				DEVELOPMENT_ASSET_PATHS = "\"Book Nook/Preview Content\"";
				DEVELOPMENT_TEAM = 6M38R97L4D;
				ENABLE_PREVIEWS = YES;
				GENERATE_INFOPLIST_FILE = YES;
				INFOPLIST_FILE = "ZBook-Info.plist";
				INFOPLIST_KEY_UIApplicationSceneManifest_Generation = YES;
				INFOPLIST_KEY_UIApplicationSupportsIndirectInputEvents = YES;
				INFOPLIST_KEY_UILaunchScreen_Generation = YES;
				INFOPLIST_KEY_UISupportedInterfaceOrientations_iPad = "UIInterfaceOrientationPortrait UIInterfaceOrientationPortraitUpsideDown UIInterfaceOrientationLandscapeLeft UIInterfaceOrientationLandscapeRight";
				INFOPLIST_KEY_UISupportedInterfaceOrientations_iPhone = UIInterfaceOrientationPortrait;
				IPHONEOS_DEPLOYMENT_TARGET = 15.5;
				LD_RUNPATH_SEARCH_PATHS = (
					"$(inherited)",
					"@executable_path/Frameworks",
				);
				MARKETING_VERSION = 1.1.0;
				PRODUCT_BUNDLE_IDENTIFIER = zgamelogic.ZBook;
				PRODUCT_NAME = ZBook;
				SWIFT_EMIT_LOC_STRINGS = YES;
				SWIFT_VERSION = 5.0;
				TARGETED_DEVICE_FAMILY = 1;
			};
			name = Debug;
		};
		B5ADD66C28C660B8002D6429 /* Release */ = {
			isa = XCBuildConfiguration;
			buildSettings = {
				ASSETCATALOG_COMPILER_APPICON_NAME = AppIcon;
				ASSETCATALOG_COMPILER_GLOBAL_ACCENT_COLOR_NAME = AccentColor;
				CODE_SIGN_STYLE = Automatic;
				CURRENT_PROJECT_VERSION = 1;
				DEVELOPMENT_ASSET_PATHS = "\"Book Nook/Preview Content\"";
				DEVELOPMENT_TEAM = 6M38R97L4D;
				ENABLE_PREVIEWS = YES;
				GENERATE_INFOPLIST_FILE = YES;
				INFOPLIST_FILE = "ZBook-Info.plist";
				INFOPLIST_KEY_UIApplicationSceneManifest_Generation = YES;
				INFOPLIST_KEY_UIApplicationSupportsIndirectInputEvents = YES;
				INFOPLIST_KEY_UILaunchScreen_Generation = YES;
				INFOPLIST_KEY_UISupportedInterfaceOrientations_iPad = "UIInterfaceOrientationPortrait UIInterfaceOrientationPortraitUpsideDown UIInterfaceOrientationLandscapeLeft UIInterfaceOrientationLandscapeRight";
				INFOPLIST_KEY_UISupportedInterfaceOrientations_iPhone = UIInterfaceOrientationPortrait;
				IPHONEOS_DEPLOYMENT_TARGET = 15.5;
				LD_RUNPATH_SEARCH_PATHS = (
					"$(inherited)",
					"@executable_path/Frameworks",
				);
				MARKETING_VERSION = 1.1.0;
				PRODUCT_BUNDLE_IDENTIFIER = zgamelogic.ZBook;
				PRODUCT_NAME = ZBook;
				SWIFT_EMIT_LOC_STRINGS = YES;
				SWIFT_VERSION = 5.0;
				TARGETED_DEVICE_FAMILY = 1;
			};
			name = Release;
		};
/* End XCBuildConfiguration section */

/* Begin XCConfigurationList section */
		B5ADD65228C660B6002D6429 /* Build configuration list for PBXProject "ZBook" */ = {
			isa = XCConfigurationList;
			buildConfigurations = (
				B5ADD66828C660B8002D6429 /* Debug */,
				B5ADD66928C660B8002D6429 /* Release */,
			);
			defaultConfigurationIsVisible = 0;
			defaultConfigurationName = Release;
		};
		B5ADD66A28C660B8002D6429 /* Build configuration list for PBXNativeTarget "ZBook" */ = {
			isa = XCConfigurationList;
			buildConfigurations = (
				B5ADD66B28C660B8002D6429 /* Debug */,
				B5ADD66C28C660B8002D6429 /* Release */,
			);
			defaultConfigurationIsVisible = 0;
			defaultConfigurationName = Release;
		};
/* End XCConfigurationList section */

/* Begin XCVersionGroup section */
		B5ADD66D28C665E0002D6429 /* Book_Model.xcdatamodeld */ = {
			isa = XCVersionGroup;
			children = (
				B5ADD66E28C665E0002D6429 /* Book_Model.xcdatamodel */,
			);
			currentVersion = B5ADD66E28C665E0002D6429 /* Book_Model.xcdatamodel */;
			path = Book_Model.xcdatamodeld;
			sourceTree = "<group>";
			versionGroupType = wrapper.xcdatamodel;
		};
/* End XCVersionGroup section */
	};
	rootObject = B5ADD64F28C660B6002D6429 /* Project object */;
}
